// !$*UTF8*$!
{
	archiveVersion = 1;
	classes = {
	};
	objectVersion = 46;
	objects = {

/* Begin PBXBuildFile section */
		A53E51331BC78ACB008F3B05 /* AppDelegate.swift in Sources */ = {isa = PBXBuildFile; fileRef = A53E51321BC78ACB008F3B05 /* AppDelegate.swift */; };
		A53E51351BC78ACB008F3B05 /* ViewController.swift in Sources */ = {isa = PBXBuildFile; fileRef = A53E51341BC78ACB008F3B05 /* ViewController.swift */; };
		A53E51381BC78ACB008F3B05 /* Main.storyboard in Resources */ = {isa = PBXBuildFile; fileRef = A53E51361BC78ACB008F3B05 /* Main.storyboard */; };
		A53E513A1BC78ACB008F3B05 /* Images.xcassets in Resources */ = {isa = PBXBuildFile; fileRef = A53E51391BC78ACB008F3B05 /* Images.xcassets */; };
		A53E513D1BC78ACB008F3B05 /* LaunchScreen.xib in Resources */ = {isa = PBXBuildFile; fileRef = A53E513B1BC78ACB008F3B05 /* LaunchScreen.xib */; };
		A53E51491BC78ACB008F3B05 /* iWatchXMLTests.swift in Sources */ = {isa = PBXBuildFile; fileRef = A53E51481BC78ACB008F3B05 /* iWatchXMLTests.swift */; };
		A53E515C1BC78AD4008F3B05 /* InterfaceController.swift in Sources */ = {isa = PBXBuildFile; fileRef = A53E515B1BC78AD4008F3B05 /* InterfaceController.swift */; };
		A53E515E1BC78AD4008F3B05 /* NotificationController.swift in Sources */ = {isa = PBXBuildFile; fileRef = A53E515D1BC78AD4008F3B05 /* NotificationController.swift */; };
		A53E51601BC78AD4008F3B05 /* Images.xcassets in Resources */ = {isa = PBXBuildFile; fileRef = A53E515F1BC78AD4008F3B05 /* Images.xcassets */; };
		A53E51641BC78AD4008F3B05 /* iWatchXML WatchKit App.app in Resources */ = {isa = PBXBuildFile; fileRef = A53E51631BC78AD4008F3B05 /* iWatchXML WatchKit App.app */; };
		A53E516C1BC78AD4008F3B05 /* Interface.storyboard in Resources */ = {isa = PBXBuildFile; fileRef = A53E516A1BC78AD4008F3B05 /* Interface.storyboard */; };
		A53E516E1BC78AD4008F3B05 /* Images.xcassets in Resources */ = {isa = PBXBuildFile; fileRef = A53E516D1BC78AD4008F3B05 /* Images.xcassets */; };
		A53E51711BC78AD4008F3B05 /* iWatchXML WatchKit Extension.appex in Embed App Extensions */ = {isa = PBXBuildFile; fileRef = A53E51561BC78AD4008F3B05 /* iWatchXML WatchKit Extension.appex */; settings = {ATTRIBUTES = (RemoveHeadersOnCopy, ); }; };
		A5CD96ED1BC78EB600A80423 /* tableRowController.swift in Sources */ = {isa = PBXBuildFile; fileRef = A5CD96EB1BC78EB600A80423 /* tableRowController.swift */; };
/* End PBXBuildFile section */

/* Begin PBXContainerItemProxy section */
		A53E51431BC78ACB008F3B05 /* PBXContainerItemProxy */ = {
			isa = PBXContainerItemProxy;
			containerPortal = A53E51251BC78ACB008F3B05 /* Project object */;
			proxyType = 1;
			remoteGlobalIDString = A53E512C1BC78ACB008F3B05;
			remoteInfo = iWatchXML;
		};
		A53E51651BC78AD4008F3B05 /* PBXContainerItemProxy */ = {
			isa = PBXContainerItemProxy;
			containerPortal = A53E51251BC78ACB008F3B05 /* Project object */;
			proxyType = 1;
			remoteGlobalIDString = A53E51621BC78AD4008F3B05;
			remoteInfo = "iWatchXML WatchKit App";
		};
		A53E516F1BC78AD4008F3B05 /* PBXContainerItemProxy */ = {
			isa = PBXContainerItemProxy;
			containerPortal = A53E51251BC78ACB008F3B05 /* Project object */;
			proxyType = 1;
			remoteGlobalIDString = A53E51551BC78AD4008F3B05;
			remoteInfo = "iWatchXML WatchKit Extension";
		};
/* End PBXContainerItemProxy section */

/* Begin PBXCopyFilesBuildPhase section */
		A53E51781BC78AD4008F3B05 /* Embed App Extensions */ = {
			isa = PBXCopyFilesBuildPhase;
			buildActionMask = 2147483647;
			dstPath = "";
			dstSubfolderSpec = 13;
			files = (
				A53E51711BC78AD4008F3B05 /* iWatchXML WatchKit Extension.appex in Embed App Extensions */,
			);
			name = "Embed App Extensions";
			runOnlyForDeploymentPostprocessing = 0;
		};
/* End PBXCopyFilesBuildPhase section */

/* Begin PBXFileReference section */
		A53E512D1BC78ACB008F3B05 /* iWatchXML.app */ = {isa = PBXFileReference; explicitFileType = wrapper.application; includeInIndex = 0; path = iWatchXML.app; sourceTree = BUILT_PRODUCTS_DIR; };
		A53E51311BC78ACB008F3B05 /* Info.plist */ = {isa = PBXFileReference; lastKnownFileType = text.plist.xml; path = Info.plist; sourceTree = "<group>"; };
		A53E51321BC78ACB008F3B05 /* AppDelegate.swift */ = {isa = PBXFileReference; lastKnownFileType = sourcecode.swift; path = AppDelegate.swift; sourceTree = "<group>"; };
		A53E51341BC78ACB008F3B05 /* ViewController.swift */ = {isa = PBXFileReference; lastKnownFileType = sourcecode.swift; path = ViewController.swift; sourceTree = "<group>"; };
		A53E51371BC78ACB008F3B05 /* Base */ = {isa = PBXFileReference; lastKnownFileType = file.storyboard; name = Base; path = Base.lproj/Main.storyboard; sourceTree = "<group>"; };
		A53E51391BC78ACB008F3B05 /* Images.xcassets */ = {isa = PBXFileReference; lastKnownFileType = folder.assetcatalog; path = Images.xcassets; sourceTree = "<group>"; };
		A53E513C1BC78ACB008F3B05 /* Base */ = {isa = PBXFileReference; lastKnownFileType = file.xib; name = Base; path = Base.lproj/LaunchScreen.xib; sourceTree = "<group>"; };
		A53E51421BC78ACB008F3B05 /* iWatchXMLTests.xctest */ = {isa = PBXFileReference; explicitFileType = wrapper.cfbundle; includeInIndex = 0; path = iWatchXMLTests.xctest; sourceTree = BUILT_PRODUCTS_DIR; };
		A53E51471BC78ACB008F3B05 /* Info.plist */ = {isa = PBXFileReference; lastKnownFileType = text.plist.xml; path = Info.plist; sourceTree = "<group>"; };
		A53E51481BC78ACB008F3B05 /* iWatchXMLTests.swift */ = {isa = PBXFileReference; lastKnownFileType = sourcecode.swift; path = iWatchXMLTests.swift; sourceTree = "<group>"; };
		A53E51561BC78AD4008F3B05 /* iWatchXML WatchKit Extension.appex */ = {isa = PBXFileReference; explicitFileType = "wrapper.app-extension"; includeInIndex = 0; path = "iWatchXML WatchKit Extension.appex"; sourceTree = BUILT_PRODUCTS_DIR; };
		A53E51591BC78AD4008F3B05 /* Info.plist */ = {isa = PBXFileReference; lastKnownFileType = text.plist.xml; path = Info.plist; sourceTree = "<group>"; };
		A53E515A1BC78AD4008F3B05 /* PushNotificationPayload.apns */ = {isa = PBXFileReference; lastKnownFileType = text; path = PushNotificationPayload.apns; sourceTree = "<group>"; };
		A53E515B1BC78AD4008F3B05 /* InterfaceController.swift */ = {isa = PBXFileReference; lastKnownFileType = sourcecode.swift; path = InterfaceController.swift; sourceTree = "<group>"; };
		A53E515D1BC78AD4008F3B05 /* NotificationController.swift */ = {isa = PBXFileReference; lastKnownFileType = sourcecode.swift; path = NotificationController.swift; sourceTree = "<group>"; };
		A53E515F1BC78AD4008F3B05 /* Images.xcassets */ = {isa = PBXFileReference; lastKnownFileType = folder.assetcatalog; path = Images.xcassets; sourceTree = "<group>"; };
		A53E51631BC78AD4008F3B05 /* iWatchXML WatchKit App.app */ = {isa = PBXFileReference; explicitFileType = wrapper.application; includeInIndex = 0; path = "iWatchXML WatchKit App.app"; sourceTree = BUILT_PRODUCTS_DIR; };
		A53E51691BC78AD4008F3B05 /* Info.plist */ = {isa = PBXFileReference; lastKnownFileType = text.plist.xml; path = Info.plist; sourceTree = "<group>"; };
		A53E516B1BC78AD4008F3B05 /* Base */ = {isa = PBXFileReference; lastKnownFileType = file.storyboard; name = Base; path = Base.lproj/Interface.storyboard; sourceTree = "<group>"; };
		A53E516D1BC78AD4008F3B05 /* Images.xcassets */ = {isa = PBXFileReference; lastKnownFileType = folder.assetcatalog; path = Images.xcassets; sourceTree = "<group>"; };
		A5CD96EB1BC78EB600A80423 /* tableRowController.swift */ = {isa = PBXFileReference; fileEncoding = 4; lastKnownFileType = sourcecode.swift; name = tableRowController.swift; path = "../iWatchXML WatchKit App/tableRowController.swift"; sourceTree = "<group>"; };
/* End PBXFileReference section */

/* Begin PBXFrameworksBuildPhase section */
		A53E512A1BC78ACB008F3B05 /* Frameworks */ = {
			isa = PBXFrameworksBuildPhase;
			buildActionMask = 2147483647;
			files = (
			);
			runOnlyForDeploymentPostprocessing = 0;
		};
		A53E513F1BC78ACB008F3B05 /* Frameworks */ = {
			isa = PBXFrameworksBuildPhase;
			buildActionMask = 2147483647;
			files = (
			);
			runOnlyForDeploymentPostprocessing = 0;
		};
		A53E51531BC78AD4008F3B05 /* Frameworks */ = {
			isa = PBXFrameworksBuildPhase;
			buildActionMask = 2147483647;
			files = (
			);
			runOnlyForDeploymentPostprocessing = 0;
		};
/* End PBXFrameworksBuildPhase section */

/* Begin PBXGroup section */
		A53E51241BC78ACB008F3B05 = {
			isa = PBXGroup;
			children = (
				A53E512F1BC78ACB008F3B05 /* iWatchXML */,
				A53E51451BC78ACB008F3B05 /* iWatchXMLTests */,
				A53E51571BC78AD4008F3B05 /* iWatchXML WatchKit Extension */,
				A53E51671BC78AD4008F3B05 /* iWatchXML WatchKit App */,
				A53E512E1BC78ACB008F3B05 /* Products */,
			);
			sourceTree = "<group>";
		};
		A53E512E1BC78ACB008F3B05 /* Products */ = {
			isa = PBXGroup;
			children = (
				A53E512D1BC78ACB008F3B05 /* iWatchXML.app */,
				A53E51421BC78ACB008F3B05 /* iWatchXMLTests.xctest */,
				A53E51561BC78AD4008F3B05 /* iWatchXML WatchKit Extension.appex */,
				A53E51631BC78AD4008F3B05 /* iWatchXML WatchKit App.app */,
			);
			name = Products;
			sourceTree = "<group>";
		};
		A53E512F1BC78ACB008F3B05 /* iWatchXML */ = {
			isa = PBXGroup;
			children = (
				A53E51321BC78ACB008F3B05 /* AppDelegate.swift */,
				A53E51341BC78ACB008F3B05 /* ViewController.swift */,
				A53E51361BC78ACB008F3B05 /* Main.storyboard */,
				A53E51391BC78ACB008F3B05 /* Images.xcassets */,
				A53E513B1BC78ACB008F3B05 /* LaunchScreen.xib */,
				A53E51301BC78ACB008F3B05 /* Supporting Files */,
			);
			path = iWatchXML;
			sourceTree = "<group>";
		};
		A53E51301BC78ACB008F3B05 /* Supporting Files */ = {
			isa = PBXGroup;
			children = (
				A53E51311BC78ACB008F3B05 /* Info.plist */,
			);
			name = "Supporting Files";
			sourceTree = "<group>";
		};
		A53E51451BC78ACB008F3B05 /* iWatchXMLTests */ = {
			isa = PBXGroup;
			children = (
				A53E51481BC78ACB008F3B05 /* iWatchXMLTests.swift */,
				A53E51461BC78ACB008F3B05 /* Supporting Files */,
			);
			path = iWatchXMLTests;
			sourceTree = "<group>";
		};
		A53E51461BC78ACB008F3B05 /* Supporting Files */ = {
			isa = PBXGroup;
			children = (
				A53E51471BC78ACB008F3B05 /* Info.plist */,
			);
			name = "Supporting Files";
			sourceTree = "<group>";
		};
		A53E51571BC78AD4008F3B05 /* iWatchXML WatchKit Extension */ = {
			isa = PBXGroup;
			children = (
				A53E515B1BC78AD4008F3B05 /* InterfaceController.swift */,
				A5CD96EB1BC78EB600A80423 /* tableRowController.swift */,
				A53E515D1BC78AD4008F3B05 /* NotificationController.swift */,
				A53E515F1BC78AD4008F3B05 /* Images.xcassets */,
				A53E51581BC78AD4008F3B05 /* Supporting Files */,
			);
			path = "iWatchXML WatchKit Extension";
			sourceTree = "<group>";
		};
		A53E51581BC78AD4008F3B05 /* Supporting Files */ = {
			isa = PBXGroup;
			children = (
				A53E51591BC78AD4008F3B05 /* Info.plist */,
				A53E515A1BC78AD4008F3B05 /* PushNotificationPayload.apns */,
			);
			name = "Supporting Files";
			sourceTree = "<group>";
		};
		A53E51671BC78AD4008F3B05 /* iWatchXML WatchKit App */ = {
			isa = PBXGroup;
			children = (
				A53E516A1BC78AD4008F3B05 /* Interface.storyboard */,
				A53E516D1BC78AD4008F3B05 /* Images.xcassets */,
				A53E51681BC78AD4008F3B05 /* Supporting Files */,
			);
			path = "iWatchXML WatchKit App";
			sourceTree = "<group>";
		};
		A53E51681BC78AD4008F3B05 /* Supporting Files */ = {
			isa = PBXGroup;
			children = (
				A53E51691BC78AD4008F3B05 /* Info.plist */,
			);
			name = "Supporting Files";
			sourceTree = "<group>";
		};
/* End PBXGroup section */

/* Begin PBXNativeTarget section */
		A53E512C1BC78ACB008F3B05 /* iWatchXML */ = {
			isa = PBXNativeTarget;
			buildConfigurationList = A53E514C1BC78ACB008F3B05 /* Build configuration list for PBXNativeTarget "iWatchXML" */;
			buildPhases = (
				A53E51291BC78ACB008F3B05 /* Sources */,
				A53E512A1BC78ACB008F3B05 /* Frameworks */,
				A53E512B1BC78ACB008F3B05 /* Resources */,
				A53E51781BC78AD4008F3B05 /* Embed App Extensions */,
			);
			buildRules = (
			);
			dependencies = (
				A53E51701BC78AD4008F3B05 /* PBXTargetDependency */,
			);
			name = iWatchXML;
			productName = iWatchXML;
			productReference = A53E512D1BC78ACB008F3B05 /* iWatchXML.app */;
			productType = "com.apple.product-type.application";
		};
		A53E51411BC78ACB008F3B05 /* iWatchXMLTests */ = {
			isa = PBXNativeTarget;
			buildConfigurationList = A53E514F1BC78ACB008F3B05 /* Build configuration list for PBXNativeTarget "iWatchXMLTests" */;
			buildPhases = (
				A53E513E1BC78ACB008F3B05 /* Sources */,
				A53E513F1BC78ACB008F3B05 /* Frameworks */,
				A53E51401BC78ACB008F3B05 /* Resources */,
			);
			buildRules = (
			);
			dependencies = (
				A53E51441BC78ACB008F3B05 /* PBXTargetDependency */,
			);
			name = iWatchXMLTests;
			productName = iWatchXMLTests;
			productReference = A53E51421BC78ACB008F3B05 /* iWatchXMLTests.xctest */;
			productType = "com.apple.product-type.bundle.unit-test";
		};
		A53E51551BC78AD4008F3B05 /* iWatchXML WatchKit Extension */ = {
			isa = PBXNativeTarget;
			buildConfigurationList = A53E51751BC78AD4008F3B05 /* Build configuration list for PBXNativeTarget "iWatchXML WatchKit Extension" */;
			buildPhases = (
				A53E51521BC78AD4008F3B05 /* Sources */,
				A53E51531BC78AD4008F3B05 /* Frameworks */,
				A53E51541BC78AD4008F3B05 /* Resources */,
			);
			buildRules = (
			);
			dependencies = (
				A53E51661BC78AD4008F3B05 /* PBXTargetDependency */,
			);
			name = "iWatchXML WatchKit Extension";
			productName = "iWatchXML WatchKit Extension";
			productReference = A53E51561BC78AD4008F3B05 /* iWatchXML WatchKit Extension.appex */;
			productType = "com.apple.product-type.watchkit-extension";
		};
		A53E51621BC78AD4008F3B05 /* iWatchXML WatchKit App */ = {
			isa = PBXNativeTarget;
			buildConfigurationList = A53E51721BC78AD4008F3B05 /* Build configuration list for PBXNativeTarget "iWatchXML WatchKit App" */;
			buildPhases = (
				A53E51611BC78AD4008F3B05 /* Resources */,
			);
			buildRules = (
			);
			dependencies = (
			);
			name = "iWatchXML WatchKit App";
			productName = "iWatchXML WatchKit App";
			productReference = A53E51631BC78AD4008F3B05 /* iWatchXML WatchKit App.app */;
			productType = "com.apple.product-type.application.watchapp";
		};
/* End PBXNativeTarget section */

/* Begin PBXProject section */
		A53E51251BC78ACB008F3B05 /* Project object */ = {
			isa = PBXProject;
			attributes = {
				LastUpgradeCheck = 0640;
				ORGANIZATIONNAME = qpiapps;
				TargetAttributes = {
					A53E512C1BC78ACB008F3B05 = {
						CreatedOnToolsVersion = 6.4;
					};
					A53E51411BC78ACB008F3B05 = {
						CreatedOnToolsVersion = 6.4;
						TestTargetID = A53E512C1BC78ACB008F3B05;
					};
					A53E51551BC78AD4008F3B05 = {
						CreatedOnToolsVersion = 6.4;
					};
					A53E51621BC78AD4008F3B05 = {
						CreatedOnToolsVersion = 6.4;
					};
				};
			};
			buildConfigurationList = A53E51281BC78ACB008F3B05 /* Build configuration list for PBXProject "iWatchXML" */;
			compatibilityVersion = "Xcode 3.2";
			developmentRegion = English;
			hasScannedForEncodings = 0;
			knownRegions = (
				en,
				Base,
			);
			mainGroup = A53E51241BC78ACB008F3B05;
			productRefGroup = A53E512E1BC78ACB008F3B05 /* Products */;
			projectDirPath = "";
			projectRoot = "";
			targets = (
				A53E512C1BC78ACB008F3B05 /* iWatchXML */,
				A53E51411BC78ACB008F3B05 /* iWatchXMLTests */,
				A53E51551BC78AD4008F3B05 /* iWatchXML WatchKit Extension */,
				A53E51621BC78AD4008F3B05 /* iWatchXML WatchKit App */,
			);
		};
/* End PBXProject section */

/* Begin PBXResourcesBuildPhase section */
		A53E512B1BC78ACB008F3B05 /* Resources */ = {
			isa = PBXResourcesBuildPhase;
			buildActionMask = 2147483647;
			files = (
				A53E51381BC78ACB008F3B05 /* Main.storyboard in Resources */,
				A53E513D1BC78ACB008F3B05 /* LaunchScreen.xib in Resources */,
				A53E513A1BC78ACB008F3B05 /* Images.xcassets in Resources */,
			);
			runOnlyForDeploymentPostprocessing = 0;
		};
		A53E51401BC78ACB008F3B05 /* Resources */ = {
			isa = PBXResourcesBuildPhase;
			buildActionMask = 2147483647;
			files = (
			);
			runOnlyForDeploymentPostprocessing = 0;
		};
		A53E51541BC78AD4008F3B05 /* Resources */ = {
			isa = PBXResourcesBuildPhase;
			buildActionMask = 2147483647;
			files = (
				A53E51641BC78AD4008F3B05 /* iWatchXML WatchKit App.app in Resources */,
				A53E51601BC78AD4008F3B05 /* Images.xcassets in Resources */,
			);
			runOnlyForDeploymentPostprocessing = 0;
		};
		A53E51611BC78AD4008F3B05 /* Resources */ = {
			isa = PBXResourcesBuildPhase;
			buildActionMask = 2147483647;
			files = (
				A53E516C1BC78AD4008F3B05 /* Interface.storyboard in Resources */,
				A53E516E1BC78AD4008F3B05 /* Images.xcassets in Resources */,
			);
			runOnlyForDeploymentPostprocessing = 0;
		};
/* End PBXResourcesBuildPhase section */

/* Begin PBXSourcesBuildPhase section */
		A53E51291BC78ACB008F3B05 /* Sources */ = {
			isa = PBXSourcesBuildPhase;
			buildActionMask = 2147483647;
			files = (
				A53E51351BC78ACB008F3B05 /* ViewController.swift in Sources */,
				A53E51331BC78ACB008F3B05 /* AppDelegate.swift in Sources */,
			);
			runOnlyForDeploymentPostprocessing = 0;
		};
		A53E513E1BC78ACB008F3B05 /* Sources */ = {
			isa = PBXSourcesBuildPhase;
			buildActionMask = 2147483647;
			files = (
				A53E51491BC78ACB008F3B05 /* iWatchXMLTests.swift in Sources */,
			);
			runOnlyForDeploymentPostprocessing = 0;
		};
		A53E51521BC78AD4008F3B05 /* Sources */ = {
			isa = PBXSourcesBuildPhase;
			buildActionMask = 2147483647;
			files = (
				A5CD96ED1BC78EB600A80423 /* tableRowController.swift in Sources */,
				A53E515E1BC78AD4008F3B05 /* NotificationController.swift in Sources */,
				A53E515C1BC78AD4008F3B05 /* InterfaceController.swift in Sources */,
			);
			runOnlyForDeploymentPostprocessing = 0;
		};
/* End PBXSourcesBuildPhase section */

/* Begin PBXTargetDependency section */
		A53E51441BC78ACB008F3B05 /* PBXTargetDependency */ = {
			isa = PBXTargetDependency;
			target = A53E512C1BC78ACB008F3B05 /* iWatchXML */;
			targetProxy = A53E51431BC78ACB008F3B05 /* PBXContainerItemProxy */;
		};
		A53E51661BC78AD4008F3B05 /* PBXTargetDependency */ = {
			isa = PBXTargetDependency;
			target = A53E51621BC78AD4008F3B05 /* iWatchXML WatchKit App */;
			targetProxy = A53E51651BC78AD4008F3B05 /* PBXContainerItemProxy */;
		};
		A53E51701BC78AD4008F3B05 /* PBXTargetDependency */ = {
			isa = PBXTargetDependency;
			target = A53E51551BC78AD4008F3B05 /* iWatchXML WatchKit Extension */;
			targetProxy = A53E516F1BC78AD4008F3B05 /* PBXContainerItemProxy */;
		};
/* End PBXTargetDependency section */

/* Begin PBXVariantGroup section */
		A53E51361BC78ACB008F3B05 /* Main.storyboard */ = {
			isa = PBXVariantGroup;
			children = (
				A53E51371BC78ACB008F3B05 /* Base */,
			);
			name = Main.storyboard;
			sourceTree = "<group>";
		};
		A53E513B1BC78ACB008F3B05 /* LaunchScreen.xib */ = {
			isa = PBXVariantGroup;
			children = (
				A53E513C1BC78ACB008F3B05 /* Base */,
			);
			name = LaunchScreen.xib;
			sourceTree = "<group>";
		};
		A53E516A1BC78AD4008F3B05 /* Interface.storyboard */ = {
			isa = PBXVariantGroup;
			children = (
				A53E516B1BC78AD4008F3B05 /* Base */,
			);
			name = Interface.storyboard;
			sourceTree = "<group>";
		};
/* End PBXVariantGroup section */

/* Begin XCBuildConfiguration section */
		A53E514A1BC78ACB008F3B05 /* Debug */ = {
			isa = XCBuildConfiguration;
			buildSettings = {
				ALWAYS_SEARCH_USER_PATHS = NO;
				CLANG_CXX_LANGUAGE_STANDARD = "gnu++0x";
				CLANG_CXX_LIBRARY = "libc++";
				CLANG_ENABLE_MODULES = YES;
				CLANG_ENABLE_OBJC_ARC = YES;
				CLANG_WARN_BOOL_CONVERSION = YES;
				CLANG_WARN_CONSTANT_CONVERSION = YES;
				CLANG_WARN_DIRECT_OBJC_ISA_USAGE = YES_ERROR;
				CLANG_WARN_EMPTY_BODY = YES;
				CLANG_WARN_ENUM_CONVERSION = YES;
				CLANG_WARN_INT_CONVERSION = YES;
				CLANG_WARN_OBJC_ROOT_CLASS = YES_ERROR;
				CLANG_WARN_UNREACHABLE_CODE = YES;
				CLANG_WARN__DUPLICATE_METHOD_MATCH = YES;
				"CODE_SIGN_IDENTITY[sdk=iphoneos*]" = "iPhone Developer";
				COPY_PHASE_STRIP = NO;
				DEBUG_INFORMATION_FORMAT = "dwarf-with-dsym";
				ENABLE_STRICT_OBJC_MSGSEND = YES;
				GCC_C_LANGUAGE_STANDARD = gnu99;
				GCC_DYNAMIC_NO_PIC = NO;
				GCC_NO_COMMON_BLOCKS = YES;
				GCC_OPTIMIZATION_LEVEL = 0;
				GCC_PREPROCESSOR_DEFINITIONS = (
					"DEBUG=1",
					"$(inherited)",
				);
				GCC_SYMBOLS_PRIVATE_EXTERN = NO;
				GCC_WARN_64_TO_32_BIT_CONVERSION = YES;
				GCC_WARN_ABOUT_RETURN_TYPE = YES_ERROR;
				GCC_WARN_UNDECLARED_SELECTOR = YES;
				GCC_WARN_UNINITIALIZED_AUTOS = YES_AGGRESSIVE;
				GCC_WARN_UNUSED_FUNCTION = YES;
				GCC_WARN_UNUSED_VARIABLE = YES;
				IPHONEOS_DEPLOYMENT_TARGET = 8.4;
				MTL_ENABLE_DEBUG_INFO = YES;
				ONLY_ACTIVE_ARCH = YES;
				SDKROOT = iphoneos;
				SWIFT_OPTIMIZATION_LEVEL = "-Onone";
			};
			name = Debug;
		};
		A53E514B1BC78ACB008F3B05 /* Release */ = {
			isa = XCBuildConfiguration;
			buildSettings = {
				ALWAYS_SEARCH_USER_PATHS = NO;
				CLANG_CXX_LANGUAGE_STANDARD = "gnu++0x";
				CLANG_CXX_LIBRARY = "libc++";
				CLANG_ENABLE_MODULES = YES;
				CLANG_ENABLE_OBJC_ARC = YES;
				CLANG_WARN_BOOL_CONVERSION = YES;
				CLANG_WARN_CONSTANT_CONVERSION = YES;
				CLANG_WARN_DIRECT_OBJC_ISA_USAGE = YES_ERROR;
				CLANG_WARN_EMPTY_BODY = YES;
				CLANG_WARN_ENUM_CONVERSION = YES;
				CLANG_WARN_INT_CONVERSION = YES;
				CLANG_WARN_OBJC_ROOT_CLASS = YES_ERROR;
				CLANG_WARN_UNREACHABLE_CODE = YES;
				CLANG_WARN__DUPLICATE_METHOD_MATCH = YES;
				"CODE_SIGN_IDENTITY[sdk=iphoneos*]" = "iPhone Developer";
				COPY_PHASE_STRIP = NO;
				DEBUG_INFORMATION_FORMAT = "dwarf-with-dsym";
				ENABLE_NS_ASSERTIONS = NO;
				ENABLE_STRICT_OBJC_MSGSEND = YES;
				GCC_C_LANGUAGE_STANDARD = gnu99;
				GCC_NO_COMMON_BLOCKS = YES;
				GCC_WARN_64_TO_32_BIT_CONVERSION = YES;
				GCC_WARN_ABOUT_RETURN_TYPE = YES_ERROR;
				GCC_WARN_UNDECLARED_SELECTOR = YES;
				GCC_WARN_UNINITIALIZED_AUTOS = YES_AGGRESSIVE;
				GCC_WARN_UNUSED_FUNCTION = YES;
				GCC_WARN_UNUSED_VARIABLE = YES;
				IPHONEOS_DEPLOYMENT_TARGET = 8.4;
				MTL_ENABLE_DEBUG_INFO = NO;
				SDKROOT = iphoneos;
				VALIDATE_PRODUCT = YES;
			};
			name = Release;
		};
		A53E514D1BC78ACB008F3B05 /* Debug */ = {
			isa = XCBuildConfiguration;
			buildSettings = {
				ASSETCATALOG_COMPILER_APPICON_NAME = AppIcon;
				INFOPLIST_FILE = iWatchXML/Info.plist;
				LD_RUNPATH_SEARCH_PATHS = "$(inherited) @executable_path/Frameworks";
				PRODUCT_NAME = "$(TARGET_NAME)";
			};
			name = Debug;
		};
		A53E514E1BC78ACB008F3B05 /* Release */ = {
			isa = XCBuildConfiguration;
			buildSettings = {
				ASSETCATALOG_COMPILER_APPICON_NAME = AppIcon;
				INFOPLIST_FILE = iWatchXML/Info.plist;
				LD_RUNPATH_SEARCH_PATHS = "$(inherited) @executable_path/Frameworks";
				PRODUCT_NAME = "$(TARGET_NAME)";
			};
			name = Release;
		};
		A53E51501BC78ACB008F3B05 /* Debug */ = {
			isa = XCBuildConfiguration;
			buildSettings = {
				BUNDLE_LOADER = "$(TEST_HOST)";
				FRAMEWORK_SEARCH_PATHS = (
					"$(SDKROOT)/Developer/Library/Frameworks",
					"$(inherited)",
				);
				GCC_PREPROCESSOR_DEFINITIONS = (
					"DEBUG=1",
					"$(inherited)",
				);
				INFOPLIST_FILE = iWatchXMLTests/Info.plist;
				LD_RUNPATH_SEARCH_PATHS = "$(inherited) @executable_path/Frameworks @loader_path/Frameworks";
				PRODUCT_NAME = "$(TARGET_NAME)";
				TEST_HOST = "$(BUILT_PRODUCTS_DIR)/iWatchXML.app/iWatchXML";
			};
			name = Debug;
		};
		A53E51511BC78ACB008F3B05 /* Release */ = {
			isa = XCBuildConfiguration;
			buildSettings = {
				BUNDLE_LOADER = "$(TEST_HOST)";
				FRAMEWORK_SEARCH_PATHS = (
					"$(SDKROOT)/Developer/Library/Frameworks",
					"$(inherited)",
				);
				INFOPLIST_FILE = iWatchXMLTests/Info.plist;
				LD_RUNPATH_SEARCH_PATHS = "$(inherited) @executable_path/Frameworks @loader_path/Frameworks";
				PRODUCT_NAME = "$(TARGET_NAME)";
				TEST_HOST = "$(BUILT_PRODUCTS_DIR)/iWatchXML.app/iWatchXML";
			};
			name = Release;
		};
		A53E51731BC78AD4008F3B05 /* Debug */ = {
			isa = XCBuildConfiguration;
			buildSettings = {
				ASSETCATALOG_COMPILER_APPICON_NAME = AppIcon;
				GCC_PREPROCESSOR_DEFINITIONS = (
					"DEBUG=1",
					"$(inherited)",
				);
				IBSC_MODULE = iWatchXML_WatchKit_Extension;
				INFOPLIST_FILE = "iWatchXML WatchKit App/Info.plist";
				IPHONEOS_DEPLOYMENT_TARGET = 8.2;
				PRODUCT_NAME = "$(TARGET_NAME)";
				SKIP_INSTALL = YES;
				TARGETED_DEVICE_FAMILY = 4;
				"TARGETED_DEVICE_FAMILY[sdk=iphonesimulator*]" = "1,4";
			};
			name = Debug;
		};
		A53E51741BC78AD4008F3B05 /* Release */ = {
			isa = XCBuildConfiguration;
			buildSettings = {
				ASSETCATALOG_COMPILER_APPICON_NAME = AppIcon;
				IBSC_MODULE = iWatchXML_WatchKit_Extension;
				INFOPLIST_FILE = "iWatchXML WatchKit App/Info.plist";
				IPHONEOS_DEPLOYMENT_TARGET = 8.2;
				PRODUCT_NAME = "$(TARGET_NAME)";
				SKIP_INSTALL = YES;
				TARGETED_DEVICE_FAMILY = 4;
				"TARGETED_DEVICE_FAMILY[sdk=iphonesimulator*]" = "1,4";
			};
			name = Release;
		};
		A53E51761BC78AD4008F3B05 /* Debug */ = {
			isa = XCBuildConfiguration;
			buildSettings = {
				GCC_PREPROCESSOR_DEFINITIONS = (
					"DEBUG=1",
					"$(inherited)",
				);
				INFOPLIST_FILE = "iWatchXML WatchKit Extension/Info.plist";
				LD_RUNPATH_SEARCH_PATHS = "$(inherited) @executable_path/Frameworks @executable_path/../../Frameworks";
				PRODUCT_NAME = "${TARGET_NAME}";
				SKIP_INSTALL = YES;
			};
			name = Debug;
		};
		A53E51771BC78AD4008F3B05 /* Release */ = {
			isa = XCBuildConfiguration;
			buildSettings = {
				INFOPLIST_FILE = "iWatchXML WatchKit Extension/Info.plist";
				LD_RUNPATH_SEARCH_PATHS = "$(inherited) @executable_path/Frameworks @executable_path/../../Frameworks";
				PRODUCT_NAME = "${TARGET_NAME}";
				SKIP_INSTALL = YES;
			};
			name = Release;
		};
/* End XCBuildConfiguration section */

/* Begin XCConfigurationList section */
		A53E51281BC78ACB008F3B05 /* Build configuration list for PBXProject "iWatchXML" */ = {
			isa = XCConfigurationList;
			buildConfigurations = (
				A53E514A1BC78ACB008F3B05 /* Debug */,
				A53E514B1BC78ACB008F3B05 /* Release */,
			);
			defaultConfigurationIsVisible = 0;
			defaultConfigurationName = Release;
		};
		A53E514C1BC78ACB008F3B05 /* Build configuration list for PBXNativeTarget "iWatchXML" */ = {
			isa = XCConfigurationList;
			buildConfigurations = (
				A53E514D1BC78ACB008F3B05 /* Debug */,
				A53E514E1BC78ACB008F3B05 /* Release */,
			);
			defaultConfigurationIsVisible = 0;
			defaultConfigurationName = Release;
		};
		A53E514F1BC78ACB008F3B05 /* Build configuration list for PBXNativeTarget "iWatchXMLTests" */ = {
			isa = XCConfigurationList;
			buildConfigurations = (
				A53E51501BC78ACB008F3B05 /* Debug */,
				A53E51511BC78ACB008F3B05 /* Release */,
			);
			defaultConfigurationIsVisible = 0;
			defaultConfigurationName = Release;
		};
		A53E51721BC78AD4008F3B05 /* Build configuration list for PBXNativeTarget "iWatchXML WatchKit App" */ = {
			isa = XCConfigurationList;
			buildConfigurations = (
				A53E51731BC78AD4008F3B05 /* Debug */,
				A53E51741BC78AD4008F3B05 /* Release */,
			);
			defaultConfigurationIsVisible = 0;
			defaultConfigurationName = Release;
		};
		A53E51751BC78AD4008F3B05 /* Build configuration list for PBXNativeTarget "iWatchXML WatchKit Extension" */ = {
			isa = XCConfigurationList;
			buildConfigurations = (
				A53E51761BC78AD4008F3B05 /* Debug */,
				A53E51771BC78AD4008F3B05 /* Release */,
			);
			defaultConfigurationIsVisible = 0;
			defaultConfigurationName = Release;
		};
/* End XCConfigurationList section */
	};
	rootObject = A53E51251BC78ACB008F3B05 /* Project object */;
}
